
Microsoft Visual Studio Solution File, Format Version 12.00
# Visual Studio Version 17
VisualStudioVersion = 17.8.34322.80
MinimumVisualStudioVersion = 10.0.40219.1
Project("{2150E333-8FDC-42A3-9474-1A3956D46DE8}") = "Services", "Services", "{9AFF4A4E-102E-4E62-BAAB-0E977E0E501A}"
EndProject
Project("{2150E333-8FDC-42A3-9474-1A3956D46DE8}") = "Catalog", "Catalog", "{F53C5EC4-BDD7-4A4C-96BF-CBE40DE6CC03}"
EndProject
Project("{9A19103F-16F7-4668-BE54-9A1E7A4F7556}") = "Catalog.API", "Services\Catalog\Catalog.API\Catalog.API.csproj", "{01995EB6-468F-4384-B8DA-D2D5CE9907E2}"
EndProject
Project("{2150E333-8FDC-42A3-9474-1A3956D46DE8}") = "BuildingBlocks", "BuildingBlocks", "{C6860125-F84D-46BF-A077-C516DAC9251E}"
EndProject
Project("{9A19103F-16F7-4668-BE54-9A1E7A4F7556}") = "BuildingBlocks", "BuildingBlocks\BuildingBlocks\BuildingBlocks.csproj", "{A94AFD31-9696-43D6-B462-43D91C0F364E}"
EndProject
Project("{E53339B2-1760-4266-BCC7-CA923CBCF16C}") = "docker-compose", "docker-compose.dcproj", "{1768AE31-9BD2-4A11-8B49-9CDE459D2F30}"
EndProject
Project("{2150E333-8FDC-42A3-9474-1A3956D46DE8}") = "Basket", "Basket", "{1114135D-0523-4442-9231-E882CA0CB1C6}"
EndProject
Project("{9A19103F-16F7-4668-BE54-9A1E7A4F7556}") = "Basket.API", "Services\Basket\Basket.API\Basket.API.csproj", "{12C041EA-AD18-4EF8-95DA-634C5AAA8CE6}"
EndProject
Project("{2150E333-8FDC-42A3-9474-1A3956D46DE8}") = "Discount", "Discount", "{0896114A-EC96-43EB-BF58-60DC9746A9B9}"
EndProject
Project("{9A19103F-16F7-4668-BE54-9A1E7A4F7556}") = "Discount.gRPC", "Services\Discount\Discount.gRPC\Discount.gRPC.csproj", "{FC410AE7-1AC6-4D5B-8729-7199176A9D5C}"
EndProject
Project("{2150E333-8FDC-42A3-9474-1A3956D46DE8}") = "Ordering", "Ordering", "{B3D25807-5FDD-465F-99D1-45BD1DB0CBB1}"
EndProject
Project("{9A19103F-16F7-4668-BE54-9A1E7A4F7556}") = "Ordering.API", "Services\Ordering\Ordering.API\Ordering.API.csproj", "{40696953-4AE2-44D0-96DB-711928725176}"
EndProject
Project("{9A19103F-16F7-4668-BE54-9A1E7A4F7556}") = "Ordering.Domain", "Services\Ordering\Ordering.Domain\Ordering.Domain.csproj", "{E98E8F4B-B8E2-4909-A8EA-79E2560A5D04}"
EndProject
Project("{9A19103F-16F7-4668-BE54-9A1E7A4F7556}") = "Ordering.Application", "Services\Ordering\Ordering.Application\Ordering.Application.csproj", "{DDCFCC08-EC2A-4C67-A8E0-78A99808A368}"
EndProject
Project("{9A19103F-16F7-4668-BE54-9A1E7A4F7556}") = "Ordering.Infrastructure", "Services\Ordering\Ordering.Infrastructure\Ordering.Infrastructure.csproj", "{21280CAF-9163-46EE-895B-E341E725F8BC}"
EndProject
Project("{9A19103F-16F7-4668-BE54-9A1E7A4F7556}") = "BuildingBlocks.Messaging", "BuildingBlocks\BuildingBlocks.Messaging\BuildingBlocks.Messaging.csproj", "{E84219FA-48FD-46E4-89D4-EB057B0F5B4D}"
EndProject
Project("{2150E333-8FDC-42A3-9474-1A3956D46DE8}") = "ApiGateways", "ApiGateways", "{7BFF968D-AE58-42CC-B7F9-C62C6A19F0A7}"
EndProject
Project("{9A19103F-16F7-4668-BE54-9A1E7A4F7556}") = "YarpApiGateway", "ApiGateways\YarpApiGateway\YarpApiGateway.csproj", "{A7C41C53-04F8-44BD-ADC0-01C86902DB10}"
EndProject
Project("{2150E333-8FDC-42A3-9474-1A3956D46DE8}") = "WebApps", "WebApps", "{54F386AA-F4B9-41C0-9C69-D9DF4ECBCB82}"
EndProject
Project("{9A19103F-16F7-4668-BE54-9A1E7A4F7556}") = "Shopping.Web", "WebApps\Shopping.Web\Shopping.Web.csproj", "{71CBB3CE-089F-4043-841E-A6E9A205DF4E}"
EndProject
Global
	GlobalSection(SolutionConfigurationPlatforms) = preSolution
		Debug|Any CPU = Debug|Any CPU
		Release|Any CPU = Release|Any CPU
	EndGlobalSection
	GlobalSection(ProjectConfigurationPlatforms) = postSolution
		{01995EB6-468F-4384-B8DA-D2D5CE9907E2}.Debug|Any CPU.ActiveCfg = Debug|Any CPU
		{01995EB6-468F-4384-B8DA-D2D5CE9907E2}.Debug|Any CPU.Build.0 = Debug|Any CPU
		{01995EB6-468F-4384-B8DA-D2D5CE9907E2}.Release|Any CPU.ActiveCfg = Release|Any CPU
		{01995EB6-468F-4384-B8DA-D2D5CE9907E2}.Release|Any CPU.Build.0 = Release|Any CPU
		{A94AFD31-9696-43D6-B462-43D91C0F364E}.Debug|Any CPU.ActiveCfg = Debug|Any CPU
		{A94AFD31-9696-43D6-B462-43D91C0F364E}.Debug|Any CPU.Build.0 = Debug|Any CPU
		{A94AFD31-9696-43D6-B462-43D91C0F364E}.Release|Any CPU.ActiveCfg = Release|Any CPU
		{A94AFD31-9696-43D6-B462-43D91C0F364E}.Release|Any CPU.Build.0 = Release|Any CPU
		{1768AE31-9BD2-4A11-8B49-9CDE459D2F30}.Debug|Any CPU.ActiveCfg = Debug|Any CPU
		{1768AE31-9BD2-4A11-8B49-9CDE459D2F30}.Debug|Any CPU.Build.0 = Debug|Any CPU
		{1768AE31-9BD2-4A11-8B49-9CDE459D2F30}.Release|Any CPU.ActiveCfg = Release|Any CPU
		{1768AE31-9BD2-4A11-8B49-9CDE459D2F30}.Release|Any CPU.Build.0 = Release|Any CPU
		{12C041EA-AD18-4EF8-95DA-634C5AAA8CE6}.Debug|Any CPU.ActiveCfg = Debug|Any CPU
		{12C041EA-AD18-4EF8-95DA-634C5AAA8CE6}.Debug|Any CPU.Build.0 = Debug|Any CPU
		{12C041EA-AD18-4EF8-95DA-634C5AAA8CE6}.Release|Any CPU.ActiveCfg = Release|Any CPU
		{12C041EA-AD18-4EF8-95DA-634C5AAA8CE6}.Release|Any CPU.Build.0 = Release|Any CPU
		{FC410AE7-1AC6-4D5B-8729-7199176A9D5C}.Debug|Any CPU.ActiveCfg = Debug|Any CPU
		{FC410AE7-1AC6-4D5B-8729-7199176A9D5C}.Debug|Any CPU.Build.0 = Debug|Any CPU
		{FC410AE7-1AC6-4D5B-8729-7199176A9D5C}.Release|Any CPU.ActiveCfg = Release|Any CPU
		{FC410AE7-1AC6-4D5B-8729-7199176A9D5C}.Release|Any CPU.Build.0 = Release|Any CPU
		{40696953-4AE2-44D0-96DB-711928725176}.Debug|Any CPU.ActiveCfg = Debug|Any CPU
		{40696953-4AE2-44D0-96DB-711928725176}.Debug|Any CPU.Build.0 = Debug|Any CPU
		{40696953-4AE2-44D0-96DB-711928725176}.Release|Any CPU.ActiveCfg = Release|Any CPU
		{40696953-4AE2-44D0-96DB-711928725176}.Release|Any CPU.Build.0 = Release|Any CPU
		{E98E8F4B-B8E2-4909-A8EA-79E2560A5D04}.Debug|Any CPU.ActiveCfg = Debug|Any CPU
		{E98E8F4B-B8E2-4909-A8EA-79E2560A5D04}.Debug|Any CPU.Build.0 = Debug|Any CPU
		{E98E8F4B-B8E2-4909-A8EA-79E2560A5D04}.Release|Any CPU.ActiveCfg = Release|Any CPU
		{E98E8F4B-B8E2-4909-A8EA-79E2560A5D04}.Release|Any CPU.Build.0 = Release|Any CPU
		{DDCFCC08-EC2A-4C67-A8E0-78A99808A368}.Debug|Any CPU.ActiveCfg = Debug|Any CPU
		{DDCFCC08-EC2A-4C67-A8E0-78A99808A368}.Debug|Any CPU.Build.0 = Debug|Any CPU
		{DDCFCC08-EC2A-4C67-A8E0-78A99808A368}.Release|Any CPU.ActiveCfg = Release|Any CPU
		{DDCFCC08-EC2A-4C67-A8E0-78A99808A368}.Release|Any CPU.Build.0 = Release|Any CPU
		{21280CAF-9163-46EE-895B-E341E725F8BC}.Debug|Any CPU.ActiveCfg = Debug|Any CPU
		{21280CAF-9163-46EE-895B-E341E725F8BC}.Debug|Any CPU.Build.0 = Debug|Any CPU
		{21280CAF-9163-46EE-895B-E341E725F8BC}.Release|Any CPU.ActiveCfg = Release|Any CPU
		{21280CAF-9163-46EE-895B-E341E725F8BC}.Release|Any CPU.Build.0 = Release|Any CPU
		{E84219FA-48FD-46E4-89D4-EB057B0F5B4D}.Debug|Any CPU.ActiveCfg = Debug|Any CPU
		{E84219FA-48FD-46E4-89D4-EB057B0F5B4D}.Debug|Any CPU.Build.0 = Debug|Any CPU
		{E84219FA-48FD-46E4-89D4-EB057B0F5B4D}.Release|Any CPU.ActiveCfg = Release|Any CPU
		{E84219FA-48FD-46E4-89D4-EB057B0F5B4D}.Release|Any CPU.Build.0 = Release|Any CPU
		{A7C41C53-04F8-44BD-ADC0-01C86902DB10}.Debug|Any CPU.ActiveCfg = Debug|Any CPU
		{A7C41C53-04F8-44BD-ADC0-01C86902DB10}.Debug|Any CPU.Build.0 = Debug|Any CPU
		{A7C41C53-04F8-44BD-ADC0-01C86902DB10}.Release|Any CPU.ActiveCfg = Release|Any CPU
		{A7C41C53-04F8-44BD-ADC0-01C86902DB10}.Release|Any CPU.Build.0 = Release|Any CPU
		{71CBB3CE-089F-4043-841E-A6E9A205DF4E}.Debug|Any CPU.ActiveCfg = Debug|Any CPU
		{71CBB3CE-089F-4043-841E-A6E9A205DF4E}.Debug|Any CPU.Build.0 = Debug|Any CPU
		{71CBB3CE-089F-4043-841E-A6E9A205DF4E}.Release|Any CPU.ActiveCfg = Release|Any CPU
		{71CBB3CE-089F-4043-841E-A6E9A205DF4E}.Release|Any CPU.Build.0 = Release|Any CPU
	EndGlobalSection
	GlobalSection(SolutionProperties) = preSolution
		HideSolutionNode = FALSE
	EndGlobalSection
	GlobalSection(NestedProjects) = preSolution
		{F53C5EC4-BDD7-4A4C-96BF-CBE40DE6CC03} = {9AFF4A4E-102E-4E62-BAAB-0E977E0E501A}
		{01995EB6-468F-4384-B8DA-D2D5CE9907E2} = {F53C5EC4-BDD7-4A4C-96BF-CBE40DE6CC03}
		{A94AFD31-9696-43D6-B462-43D91C0F364E} = {C6860125-F84D-46BF-A077-C516DAC9251E}
		{1114135D-0523-4442-9231-E882CA0CB1C6} = {9AFF4A4E-102E-4E62-BAAB-0E977E0E501A}
		{12C041EA-AD18-4EF8-95DA-634C5AAA8CE6} = {1114135D-0523-4442-9231-E882CA0CB1C6}
		{0896114A-EC96-43EB-BF58-60DC9746A9B9} = {9AFF4A4E-102E-4E62-BAAB-0E977E0E501A}
		{FC410AE7-1AC6-4D5B-8729-7199176A9D5C} = {0896114A-EC96-43EB-BF58-60DC9746A9B9}
		{B3D25807-5FDD-465F-99D1-45BD1DB0CBB1} = {9AFF4A4E-102E-4E62-BAAB-0E977E0E501A}
		{40696953-4AE2-44D0-96DB-711928725176} = {B3D25807-5FDD-465F-99D1-45BD1DB0CBB1}
		{E98E8F4B-B8E2-4909-A8EA-79E2560A5D04} = {B3D25807-5FDD-465F-99D1-45BD1DB0CBB1}
		{DDCFCC08-EC2A-4C67-A8E0-78A99808A368} = {B3D25807-5FDD-465F-99D1-45BD1DB0CBB1}
		{21280CAF-9163-46EE-895B-E341E725F8BC} = {B3D25807-5FDD-465F-99D1-45BD1DB0CBB1}
		{E84219FA-48FD-46E4-89D4-EB057B0F5B4D} = {C6860125-F84D-46BF-A077-C516DAC9251E}
		{A7C41C53-04F8-44BD-ADC0-01C86902DB10} = {7BFF968D-AE58-42CC-B7F9-C62C6A19F0A7}
		{71CBB3CE-089F-4043-841E-A6E9A205DF4E} = {54F386AA-F4B9-41C0-9C69-D9DF4ECBCB82}
	EndGlobalSection
	GlobalSection(ExtensibilityGlobals) = postSolution
		SolutionGuid = {9E286E03-8331-4245-B6EF-F315927BF707}
	EndGlobalSection
EndGlobal
